{
  "name": "school-campus-market",
  "version": "1.0.0",
  "lockfileVersion": 3,
  "requires": true,
  "packages": {
    "": {
      "name": "school-campus-market",
      "version": "1.0.0",
      "dependencies": {
        "@dcloudio/uni-ui": "^1.5.7"
      }
    },
    "node_modules/@dcloudio/uni-ui": {
      "version": "1.5.12",
      "resolved": "https://registry.npmjs.org/@dcloudio/uni-ui/-/uni-ui-1.5.12.tgz",
      "integrity": "sha512-mGDl2OZSz7D8xcUAzJegWDHOqB4MEFBSW9Esb/oJiu2/3Gk9+P/Z4bA4JZ9jv9VWBYbMrYwaTfK1Z728kABdYg==",
      "license": "Apache-2.0"
    }
  }
}
